# THIS IS AN AUTOGENERATED FILE. DO NOT EDIT THIS FILE DIRECTLY.
# yarn lockfile v1


activestorage@^5.2.3:
  version "5.2.3"
  resolved "https://registry.yarnpkg.com/activestorage/-/activestorage-5.2.3.tgz#04df0a194d15f7a04abbba313f584fbea2c5a66f"
  integrity sha512-B0PHne9Bvpsapw1WqPZF8YafdN5pohOAUgR5ZGSijBOJKDGb+IJ6ib8Js9mfWNCmuCPCrCzHca/mJ2wD7UBJxA==
  dependencies:
    spark-md5 "^3.0.0"

rails-ujs@^5.2.3:
  version "5.2.3"
  resolved "https://registry.yarnpkg.com/rails-ujs/-/rails-ujs-5.2.3.tgz#4b65ea781a6befe62e96da6362165286a1fe4099"
  integrity sha512-rYgj185MowWFBJI1wdac2FkX4yFYe4+3jJPlB+CTY7a4rmIyg0TqE4vYZmSBBesp7blPUa57oqKzwQjN7eVbEQ==

spark-md5@^3.0.0:
  version "3.0.0"
  resolved "https://registry.yarnpkg.com/spark-md5/-/spark-md5-3.0.0.tgz#3722227c54e2faf24b1dc6d933cc144e6f71bfef"
  integrity sha1-NyIifFTi+vJLHcbZM8wUTm9xv+8=

turbolinks@^5.2.0:
  version "5.2.0"
  resolved "https://registry.yarnpkg.com/turbolinks/-/turbolinks-5.2.0.tgz#e6877a55ea5c1cb3bb225f0a4ae303d6d32ff77c"
  integrity sha512-pMiez3tyBo6uRHFNNZoYMmrES/IaGgMhQQM+VFF36keryjb5ms0XkVpmKHkfW/4Vy96qiGW3K9bz0tF5sK9bBw==
