# THIS IS AN AUTOGENERATED FILE. DO NOT EDIT THIS FILE DIRECTLY.
# yarn lockfile v1


activestorage@^5.2.3:
  version "5.2.3"
  resolved "https://registry.yarnpkg.com/activestorage/-/activestorage-5.2.3.tgz#04df0a194d15f7a04abbba313f584fbea2c5a66f"
  integrity sha512-B0PHne9Bvpsapw1WqPZF8YafdN5pohOAUgR5ZGSijBOJKDGb+IJ6ib8Js9mfWNCmuCPCrCzHca/mJ2wD7UBJxA==
  dependencies:
    spark-md5 "^3.0.0"

spark-md5@^3.0.0:
  version "3.0.0"
  resolved "https://registry.yarnpkg.com/spark-md5/-/spark-md5-3.0.0.tgz#3722227c54e2faf24b1dc6d933cc144e6f71bfef"
  integrity sha1-NyIifFTi+vJLHcbZM8wUTm9xv+8=
